// !$*UTF8*$!
{
	archiveVersion = 1;
	classes = {
	};
	objectVersion = 50;
	objects = {

/* Begin PBXBuildFile section */
		77D6BC4F24FA060F00B079EB /* AppDelegate.swift in Sources */ = {isa = PBXBuildFile; fileRef = 77D6BC4E24FA060F00B079EB /* AppDelegate.swift */; };
		77D6BC5124FA060F00B079EB /* SceneDelegate.swift in Sources */ = {isa = PBXBuildFile; fileRef = 77D6BC5024FA060F00B079EB /* SceneDelegate.swift */; };
		77D6BC5324FA060F00B079EB /* ContentView.swift in Sources */ = {isa = PBXBuildFile; fileRef = 77D6BC5224FA060F00B079EB /* ContentView.swift */; };
		77D6BC5524FA061000B079EB /* Assets.xcassets in Resources */ = {isa = PBXBuildFile; fileRef = 77D6BC5424FA061000B079EB /* Assets.xcassets */; };
		77D6BC5824FA061000B079EB /* Preview Assets.xcassets in Resources */ = {isa = PBXBuildFile; fileRef = 77D6BC5724FA061000B079EB /* Preview Assets.xcassets */; };
		77D6BC5B24FA061000B079EB /* LaunchScreen.storyboard in Resources */ = {isa = PBXBuildFile; fileRef = 77D6BC5924FA061000B079EB /* LaunchScreen.storyboard */; };
/* End PBXBuildFile section */

/* Begin PBXFileReference section */
		77D6BC4B24FA060F00B079EB /* CutomModifierAndStack.app */ = {isa = PBXFileReference; explicitFileType = wrapper.application; includeInIndex = 0; path = CutomModifierAndStack.app; sourceTree = BUILT_PRODUCTS_DIR; };
		77D6BC4E24FA060F00B079EB /* AppDelegate.swift */ = {isa = PBXFileReference; lastKnownFileType = sourcecode.swift; path = AppDelegate.swift; sourceTree = "<group>"; };
		77D6BC5024FA060F00B079EB /* SceneDelegate.swift */ = {isa = PBXFileReference; lastKnownFileType = sourcecode.swift; path = SceneDelegate.swift; sourceTree = "<group>"; };
		77D6BC5224FA060F00B079EB /* ContentView.swift */ = {isa = PBXFileReference; lastKnownFileType = sourcecode.swift; path = ContentView.swift; sourceTree = "<group>"; };
		77D6BC5424FA061000B079EB /* Assets.xcassets */ = {isa = PBXFileReference; lastKnownFileType = folder.assetcatalog; path = Assets.xcassets; sourceTree = "<group>"; };
		77D6BC5724FA061000B079EB /* Preview Assets.xcassets */ = {isa = PBXFileReference; lastKnownFileType = folder.assetcatalog; path = "Preview Assets.xcassets"; sourceTree = "<group>"; };
		77D6BC5A24FA061000B079EB /* Base */ = {isa = PBXFileReference; lastKnownFileType = file.storyboard; name = Base; path = Base.lproj/LaunchScreen.storyboard; sourceTree = "<group>"; };
		77D6BC5C24FA061000B079EB /* Info.plist */ = {isa = PBXFileReference; lastKnownFileType = text.plist.xml; path = Info.plist; sourceTree = "<group>"; };
/* End PBXFileReference section */

/* Begin PBXFrameworksBuildPhase section */
		77D6BC4824FA060F00B079EB /* Frameworks */ = {
			isa = PBXFrameworksBuildPhase;
			buildActionMask = 2147483647;
			files = (
			);
			runOnlyForDeploymentPostprocessing = 0;
		};
/* End PBXFrameworksBuildPhase section */

/* Begin PBXGroup section */
		77D6BC4224FA060F00B079EB = {
			isa = PBXGroup;
			children = (
				77D6BC4D24FA060F00B079EB /* CutomModifierAndStack */,
				77D6BC4C24FA060F00B079EB /* Products */,
			);
			sourceTree = "<group>";
		};
		77D6BC4C24FA060F00B079EB /* Products */ = {
			isa = PBXGroup;
			children = (
				77D6BC4B24FA060F00B079EB /* CutomModifierAndStack.app */,
			);
			name = Products;
			sourceTree = "<group>";
		};
		77D6BC4D24FA060F00B079EB /* CutomModifierAndStack */ = {
			isa = PBXGroup;
			children = (
				77D6BC4E24FA060F00B079EB /* AppDelegate.swift */,
				77D6BC5024FA060F00B079EB /* SceneDelegate.swift */,
				77D6BC5224FA060F00B079EB /* ContentView.swift */,
				77D6BC5424FA061000B079EB /* Assets.xcassets */,
				77D6BC5924FA061000B079EB /* LaunchScreen.storyboard */,
				77D6BC5C24FA061000B079EB /* Info.plist */,
				77D6BC5624FA061000B079EB /* Preview Content */,
			);
			path = CutomModifierAndStack;
			sourceTree = "<group>";
		};
		77D6BC5624FA061000B079EB /* Preview Content */ = {
			isa = PBXGroup;
			children = (
				77D6BC5724FA061000B079EB /* Preview Assets.xcassets */,
			);
			path = "Preview Content";
			sourceTree = "<group>";
		};
/* End PBXGroup section */

/* Begin PBXNativeTarget section */
		77D6BC4A24FA060F00B079EB /* CutomModifierAndStack */ = {
			isa = PBXNativeTarget;
			buildConfigurationList = 77D6BC5F24FA061000B079EB /* Build configuration list for PBXNativeTarget "CutomModifierAndStack" */;
			buildPhases = (
				77D6BC4724FA060F00B079EB /* Sources */,
				77D6BC4824FA060F00B079EB /* Frameworks */,
				77D6BC4924FA060F00B079EB /* Resources */,
			);
			buildRules = (
			);
			dependencies = (
			);
			name = CutomModifierAndStack;
			productName = CutomModifierAndStack;
			productReference = 77D6BC4B24FA060F00B079EB /* CutomModifierAndStack.app */;
			productType = "com.apple.product-type.application";
		};
/* End PBXNativeTarget section */

/* Begin PBXProject section */
		77D6BC4324FA060F00B079EB /* Project object */ = {
			isa = PBXProject;
			attributes = {
				LastSwiftUpdateCheck = 1160;
				LastUpgradeCheck = 1160;
				ORGANIZATIONNAME = "Qui Le";
				TargetAttributes = {
					77D6BC4A24FA060F00B079EB = {
						CreatedOnToolsVersion = 11.6;
					};
				};
			};
			buildConfigurationList = 77D6BC4624FA060F00B079EB /* Build configuration list for PBXProject "CutomModifierAndStack" */;
			compatibilityVersion = "Xcode 9.3";
			developmentRegion = en;
			hasScannedForEncodings = 0;
			knownRegions = (
				en,
				Base,
			);
			mainGroup = 77D6BC4224FA060F00B079EB;
			productRefGroup = 77D6BC4C24FA060F00B079EB /* Products */;
			projectDirPath = "";
			projectRoot = "";
			targets = (
				77D6BC4A24FA060F00B079EB /* CutomModifierAndStack */,
			);
		};
/* End PBXProject section */

/* Begin PBXResourcesBuildPhase section */
		77D6BC4924FA060F00B079EB /* Resources */ = {
			isa = PBXResourcesBuildPhase;
			buildActionMask = 2147483647;
			files = (
				77D6BC5B24FA061000B079EB /* LaunchScreen.storyboard in Resources */,
				77D6BC5824FA061000B079EB /* Preview Assets.xcassets in Resources */,
				77D6BC5524FA061000B079EB /* Assets.xcassets in Resources */,
			);
			runOnlyForDeploymentPostprocessing = 0;
		};
/* End PBXResourcesBuildPhase section */

/* Begin PBXSourcesBuildPhase section */
		77D6BC4724FA060F00B079EB /* Sources */ = {
			isa = PBXSourcesBuildPhase;
			buildActionMask = 2147483647;
			files = (
				77D6BC4F24FA060F00B079EB /* AppDelegate.swift in Sources */,
				77D6BC5124FA060F00B079EB /* SceneDelegate.swift in Sources */,
				77D6BC5324FA060F00B079EB /* ContentView.swift in Sources */,
			);
			runOnlyForDeploymentPostprocessing = 0;
		};
/* End PBXSourcesBuildPhase section */

/* Begin PBXVariantGroup section */
		77D6BC5924FA061000B079EB /* LaunchScreen.storyboard */ = {
			isa = PBXVariantGroup;
			children = (
				77D6BC5A24FA061000B079EB /* Base */,
			);
			name = LaunchScreen.storyboard;
			sourceTree = "<group>";
		};
/* End PBXVariantGroup section */

/* Begin XCBuildConfiguration section */
		77D6BC5D24FA061000B079EB /* Debug */ = {
			isa = XCBuildConfiguration;
			buildSettings = {
				ALWAYS_SEARCH_USER_PATHS = NO;
				CLANG_ANALYZER_NONNULL = YES;
				CLANG_ANALYZER_NUMBER_OBJECT_CONVERSION = YES_AGGRESSIVE;
				CLANG_CXX_LANGUAGE_STANDARD = "gnu++14";
				CLANG_CXX_LIBRARY = "libc++";
				CLANG_ENABLE_MODULES = YES;
				CLANG_ENABLE_OBJC_ARC = YES;
				CLANG_ENABLE_OBJC_WEAK = YES;
				CLANG_WARN_BLOCK_CAPTURE_AUTORELEASING = YES;
				CLANG_WARN_BOOL_CONVERSION = YES;
				CLANG_WARN_COMMA = YES;
				CLANG_WARN_CONSTANT_CONVERSION = YES;
				CLANG_WARN_DEPRECATED_OBJC_IMPLEMENTATIONS = YES;
				CLANG_WARN_DIRECT_OBJC_ISA_USAGE = YES_ERROR;
				CLANG_WARN_DOCUMENTATION_COMMENTS = YES;
				CLANG_WARN_EMPTY_BODY = YES;
				CLANG_WARN_ENUM_CONVERSION = YES;
				CLANG_WARN_INFINITE_RECURSION = YES;
				CLANG_WARN_INT_CONVERSION = YES;
				CLANG_WARN_NON_LITERAL_NULL_CONVERSION = YES;
				CLANG_WARN_OBJC_IMPLICIT_RETAIN_SELF = YES;
				CLANG_WARN_OBJC_LITERAL_CONVERSION = YES;
				CLANG_WARN_OBJC_ROOT_CLASS = YES_ERROR;
				CLANG_WARN_RANGE_LOOP_ANALYSIS = YES;
				CLANG_WARN_STRICT_PROTOTYPES = YES;
				CLANG_WARN_SUSPICIOUS_MOVE = YES;
				CLANG_WARN_UNGUARDED_AVAILABILITY = YES_AGGRESSIVE;
				CLANG_WARN_UNREACHABLE_CODE = YES;
				CLANG_WARN__DUPLICATE_METHOD_MATCH = YES;
				COPY_PHASE_STRIP = NO;
				DEBUG_INFORMATION_FORMAT = dwarf;
				ENABLE_STRICT_OBJC_MSGSEND = YES;
				ENABLE_TESTABILITY = YES;
				GCC_C_LANGUAGE_STANDARD = gnu11;
				GCC_DYNAMIC_NO_PIC = NO;
				GCC_NO_COMMON_BLOCKS = YES;
				GCC_OPTIMIZATION_LEVEL = 0;
				GCC_PREPROCESSOR_DEFINITIONS = (
					"DEBUG=1",
					"$(inherited)",
				);
				GCC_WARN_64_TO_32_BIT_CONVERSION = YES;
				GCC_WARN_ABOUT_RETURN_TYPE = YES_ERROR;
				GCC_WARN_UNDECLARED_SELECTOR = YES;
				GCC_WARN_UNINITIALIZED_AUTOS = YES_AGGRESSIVE;
				GCC_WARN_UNUSED_FUNCTION = YES;
				GCC_WARN_UNUSED_VARIABLE = YES;
				IPHONEOS_DEPLOYMENT_TARGET = 13.6;
				MTL_ENABLE_DEBUG_INFO = INCLUDE_SOURCE;
				MTL_FAST_MATH = YES;
				ONLY_ACTIVE_ARCH = YES;
				SDKROOT = iphoneos;
				SWIFT_ACTIVE_COMPILATION_CONDITIONS = DEBUG;
				SWIFT_OPTIMIZATION_LEVEL = "-Onone";
			};
			name = Debug;
		};
		77D6BC5E24FA061000B079EB /* Release */ = {
			isa = XCBuildConfiguration;
			buildSettings = {
				ALWAYS_SEARCH_USER_PATHS = NO;
				CLANG_ANALYZER_NONNULL = YES;
				CLANG_ANALYZER_NUMBER_OBJECT_CONVERSION = YES_AGGRESSIVE;
				CLANG_CXX_LANGUAGE_STANDARD = "gnu++14";
				CLANG_CXX_LIBRARY = "libc++";
				CLANG_ENABLE_MODULES = YES;
				CLANG_ENABLE_OBJC_ARC = YES;
				CLANG_ENABLE_OBJC_WEAK = YES;
				CLANG_WARN_BLOCK_CAPTURE_AUTORELEASING = YES;
				CLANG_WARN_BOOL_CONVERSION = YES;
				CLANG_WARN_COMMA = YES;
				CLANG_WARN_CONSTANT_CONVERSION = YES;
				CLANG_WARN_DEPRECATED_OBJC_IMPLEMENTATIONS = YES;
				CLANG_WARN_DIRECT_OBJC_ISA_USAGE = YES_ERROR;
				CLANG_WARN_DOCUMENTATION_COMMENTS = YES;
				CLANG_WARN_EMPTY_BODY = YES;
				CLANG_WARN_ENUM_CONVERSION = YES;
				CLANG_WARN_INFINITE_RECURSION = YES;
				CLANG_WARN_INT_CONVERSION = YES;
				CLANG_WARN_NON_LITERAL_NULL_CONVERSION = YES;
				CLANG_WARN_OBJC_IMPLICIT_RETAIN_SELF = YES;
				CLANG_WARN_OBJC_LITERAL_CONVERSION = YES;
				CLANG_WARN_OBJC_ROOT_CLASS = YES_ERROR;
				CLANG_WARN_RANGE_LOOP_ANALYSIS = YES;
				CLANG_WARN_STRICT_PROTOTYPES = YES;
				CLANG_WARN_SUSPICIOUS_MOVE = YES;
				CLANG_WARN_UNGUARDED_AVAILABILITY = YES_AGGRESSIVE;
				CLANG_WARN_UNREACHABLE_CODE = YES;
				CLANG_WARN__DUPLICATE_METHOD_MATCH = YES;
				COPY_PHASE_STRIP = NO;
				DEBUG_INFORMATION_FORMAT = "dwarf-with-dsym";
				ENABLE_NS_ASSERTIONS = NO;
				ENABLE_STRICT_OBJC_MSGSEND = YES;
				GCC_C_LANGUAGE_STANDARD = gnu11;
				GCC_NO_COMMON_BLOCKS = YES;
				GCC_WARN_64_TO_32_BIT_CONVERSION = YES;
				GCC_WARN_ABOUT_RETURN_TYPE = YES_ERROR;
				GCC_WARN_UNDECLARED_SELECTOR = YES;
				GCC_WARN_UNINITIALIZED_AUTOS = YES_AGGRESSIVE;
				GCC_WARN_UNUSED_FUNCTION = YES;
				GCC_WARN_UNUSED_VARIABLE = YES;
				IPHONEOS_DEPLOYMENT_TARGET = 13.6;
				MTL_ENABLE_DEBUG_INFO = NO;
				MTL_FAST_MATH = YES;
				SDKROOT = iphoneos;
				SWIFT_COMPILATION_MODE = wholemodule;
				SWIFT_OPTIMIZATION_LEVEL = "-O";
				VALIDATE_PRODUCT = YES;
			};
			name = Release;
		};
		77D6BC6024FA061000B079EB /* Debug */ = {
			isa = XCBuildConfiguration;
			buildSettings = {
				ASSETCATALOG_COMPILER_APPICON_NAME = AppIcon;
				CODE_SIGN_STYLE = Automatic;
				DEVELOPMENT_ASSET_PATHS = "\"CutomModifierAndStack/Preview Content\"";
				DEVELOPMENT_TEAM = 69UA68PK98;
				ENABLE_PREVIEWS = YES;
				INFOPLIST_FILE = CutomModifierAndStack/Info.plist;
				LD_RUNPATH_SEARCH_PATHS = (
					"$(inherited)",
					"@executable_path/Frameworks",
				);
				PRODUCT_BUNDLE_IDENTIFIER = com.fourtwenty.CutomModifierAndStack;
				PRODUCT_NAME = "$(TARGET_NAME)";
				SWIFT_VERSION = 5.0;
				TARGETED_DEVICE_FAMILY = "1,2";
			};
			name = Debug;
		};
		77D6BC6124FA061000B079EB /* Release */ = {
			isa = XCBuildConfiguration;
			buildSettings = {
				ASSETCATALOG_COMPILER_APPICON_NAME = AppIcon;
				CODE_SIGN_STYLE = Automatic;
				DEVELOPMENT_ASSET_PATHS = "\"CutomModifierAndStack/Preview Content\"";
				DEVELOPMENT_TEAM = 69UA68PK98;
				ENABLE_PREVIEWS = YES;
				INFOPLIST_FILE = CutomModifierAndStack/Info.plist;
				LD_RUNPATH_SEARCH_PATHS = (
					"$(inherited)",
					"@executable_path/Frameworks",
				);
				PRODUCT_BUNDLE_IDENTIFIER = com.fourtwenty.CutomModifierAndStack;
				PRODUCT_NAME = "$(TARGET_NAME)";
				SWIFT_VERSION = 5.0;
				TARGETED_DEVICE_FAMILY = "1,2";
			};
			name = Release;
		};
/* End XCBuildConfiguration section */

/* Begin XCConfigurationList section */
		77D6BC4624FA060F00B079EB /* Build configuration list for PBXProject "CutomModifierAndStack" */ = {
			isa = XCConfigurationList;
			buildConfigurations = (
				77D6BC5D24FA061000B079EB /* Debug */,
				77D6BC5E24FA061000B079EB /* Release */,
			);
			defaultConfigurationIsVisible = 0;
			defaultConfigurationName = Release;
		};
		77D6BC5F24FA061000B079EB /* Build configuration list for PBXNativeTarget "CutomModifierAndStack" */ = {
			isa = XCConfigurationList;
			buildConfigurations = (
				77D6BC6024FA061000B079EB /* Debug */,
				77D6BC6124FA061000B079EB /* Release */,
			);
			defaultConfigurationIsVisible = 0;
			defaultConfigurationName = Release;
		};
/* End XCConfigurationList section */
	};
	rootObject = 77D6BC4324FA060F00B079EB /* Project object */;
}
